# This file is automatically @generated by Cargo.
# It is not intended for manual editing.
version = 3

[[package]]
name = "memo-map"
version = "0.3.1"
source = "registry+https://github.com/rust-lang/crates.io-index"
checksum = "aec276c09560ce4447087aaefc19eb0c18d97e31bd05ebac38881c4723400c40"

[[package]]
name = "minijinja"
version = "1.0.3"
source = "registry+https://github.com/rust-lang/crates.io-index"
checksum = "f40870a194358132836de5c67e5038c279de3bff7a05f5da201ed13f6064b979"
dependencies = [
 "memo-map",
 "self_cell",
 "serde",
 "v_htmlescape",
]

[[package]]
name = "once_cell"
version = "1.18.0"
source = "registry+https://github.com/rust-lang/crates.io-index"
checksum = "dd8b5dd2ae5ed71462c540258bedcb51965123ad7e7ccf4b9a8cafaa4a63576d"

[[package]]
name = "self_cell"
version = "1.0.1"
source = "registry+https://github.com/rust-lang/crates.io-index"
checksum = "4c309e515543e67811222dbc9e3dd7e1056279b782e1dacffe4242b718734fb6"

[[package]]
name = "serde"
version = "1.0.166"
source = "registry+https://github.com/rust-lang/crates.io-index"
checksum = "d01b7404f9d441d3ad40e6a636a7782c377d2abdbe4fa2440e2edcc2f4f10db8"

[[package]]
name = "v_htmlescape"
version = "0.15.8"
source = "registry+https://github.com/rust-lang/crates.io-index"
checksum = "4e8257fbc510f0a46eb602c10215901938b5c2a7d5e70fc11483b1d3c9b5b18c"

[[package]]
name = "web"
version = "0.1.0"
dependencies = [
 "minijinja",
 "once_cell",
]
