# @generated - this file is auto-generated by `mise lock` https://mise.en.dev/dev-tools/mise-lock.html

[[tools.node]]
version = "26.3.1"
backend = "core:node"

[tools.node."platforms.linux-arm64"]
checksum = "sha256:2f0829b201e9db20996ae15bce62138df1e3d317775b005778b05cf7b19714f1"
url = "https://nodejs.org/dist/v26.3.1/node-v26.3.1-linux-arm64.tar.gz"

[tools.node."platforms.linux-arm64-musl"]
checksum = "sha256:e9d31a59e9164ad4be47e3148fc54964a9c275394f367e127eed1a0b3009c706"
url = "https://unofficial-builds.nodejs.org/download/release/v26.3.1/node-v26.3.1-linux-arm64-musl.tar.gz"

[tools.node."platforms.linux-x64"]
checksum = "sha256:e892cd615e637edebcf22f9653d80fba63167ad6754d20881fd52cc37be81441"
url = "https://nodejs.org/dist/v26.3.1/node-v26.3.1-linux-x64.tar.gz"

[tools.node."platforms.linux-x64-musl"]
checksum = "sha256:4d1a7bebcc0ee2534edc2d5f93cad34435ed4b601766d26b706c043727d4cca5"
url = "https://unofficial-builds.nodejs.org/download/release/v26.3.1/node-v26.3.1-linux-x64-musl.tar.gz"

[tools.node."platforms.macos-arm64"]
checksum = "sha256:3f624ab0d774553c0d28b968e141d8c676a35a2811fb0b7b356ba9cbdce15f74"
url = "https://nodejs.org/dist/v26.3.1/node-v26.3.1-darwin-arm64.tar.gz"

[tools.node."platforms.macos-x64"]
checksum = "sha256:3ec9e5a28c641c088f3d04ad38721bfdedb2f8aa8c031979fa93df08b5a92e58"
url = "https://nodejs.org/dist/v26.3.1/node-v26.3.1-darwin-x64.tar.gz"

[tools.node."platforms.windows-x64"]
checksum = "sha256:45001b289ebffe7b22260898f3750059183d8246042b88e8ffa4337e65e6763e"
url = "https://nodejs.org/dist/v26.3.1/node-v26.3.1-win-x64.zip"

[[tools.pnpm]]
version = "11.7.0"
backend = "aqua:pnpm/pnpm"

[tools.pnpm."platforms.linux-arm64"]
checksum = "sha256:a110731cf0f46cf89eb5659b42c9f5c3a2361d30087e2eed921c8378b1fe64a0"
url = "https://github.com/pnpm/pnpm/releases/download/v11.7.0/pnpm-linux-arm64.tar.gz"
url_api = "https://api.github.com/repos/pnpm/pnpm/releases/assets/447914122"
provenance = "github-attestations"

[tools.pnpm."platforms.linux-arm64-musl"]
checksum = "sha256:9c82a83d0fa6dbcd4757f7846f20e73f77d451d6282b32602d9f933b5e2f4052"
url = "https://github.com/pnpm/pnpm/releases/download/v11.7.0/pnpm-linux-arm64-musl.tar.gz"
url_api = "https://api.github.com/repos/pnpm/pnpm/releases/assets/447914118"
provenance = "github-attestations"

[tools.pnpm."platforms.linux-x64"]
checksum = "sha256:752e31654c6f24bc945db784d12831b80b29f533b43105575ce30dd3c8658609"
url = "https://github.com/pnpm/pnpm/releases/download/v11.7.0/pnpm-linux-x64.tar.gz"
url_api = "https://api.github.com/repos/pnpm/pnpm/releases/assets/447914120"
provenance = "github-attestations"

[tools.pnpm."platforms.linux-x64-musl"]
checksum = "sha256:6fa3052e350a1aceeeac90c9f9b59ed048312cab04b34c0472b018e71b243885"
url = "https://github.com/pnpm/pnpm/releases/download/v11.7.0/pnpm-linux-x64-musl.tar.gz"
url_api = "https://api.github.com/repos/pnpm/pnpm/releases/assets/447914117"
provenance = "github-attestations"

[tools.pnpm."platforms.macos-arm64"]
checksum = "sha256:97d077cca1225ae6ab492e5b6d0e6737ab7149c34813e70f25f67c6c2bf274a2"
url = "https://github.com/pnpm/pnpm/releases/download/v11.7.0/pnpm-darwin-arm64.tar.gz"
url_api = "https://api.github.com/repos/pnpm/pnpm/releases/assets/447914124"
provenance = "github-attestations"

[tools.pnpm."platforms.windows-x64"]
checksum = "sha256:08acc088646c1dbf3030984918266058d23c5acf4c518dc7502bd539fc99c280"
url = "https://github.com/pnpm/pnpm/releases/download/v11.7.0/pnpm-win32-x64.zip"
url_api = "https://api.github.com/repos/pnpm/pnpm/releases/assets/447914123"
provenance = "github-attestations"
